// !$*UTF8*$!
{
	archiveVersion = 1;
	classes = {
	};
	objectVersion = 46;
	objects = {

/* Begin PBXAggregateTarget section */
		"Typology::TypologyPackageTests::ProductTarget" /* TypologyPackageTests */ = {
			isa = PBXAggregateTarget;
			buildConfigurationList = OBJ_113 /* Build configuration list for PBXAggregateTarget "TypologyPackageTests" */;
			buildPhases = (
			);
			dependencies = (
				OBJ_116 /* PBXTargetDependency */,
			);
			name = TypologyPackageTests;
			productName = TypologyPackageTests;
		};
/* End PBXAggregateTarget section */

/* Begin PBXBuildFile section */
		D1C63D3E2274ACF300412161 /* Type.swift in Sources */ = {isa = PBXBuildFile; fileRef = D1C63D3D2274ACF300412161 /* Type.swift */; };
		D1C63D402274AD3200412161 /* Substitution.swift in Sources */ = {isa = PBXBuildFile; fileRef = D1C63D3F2274AD3200412161 /* Substitution.swift */; };
		D1C63D4D2274CF9E00412161 /* Solver.swift in Sources */ = {isa = PBXBuildFile; fileRef = D1C63D4C2274CF9E00412161 /* Solver.swift */; };
		OBJ_101 /* Inference.swift in Sources */ = {isa = PBXBuildFile; fileRef = OBJ_11 /* Inference.swift */; };
		OBJ_102 /* Visitor.swift in Sources */ = {isa = PBXBuildFile; fileRef = OBJ_12 /* Visitor.swift */; };
		OBJ_104 /* SwiftSyntax.framework in Frameworks */ = {isa = PBXBuildFile; fileRef = "SwiftSyntax::SwiftSyntax::Product" /* SwiftSyntax.framework */; };
		OBJ_111 /* Package.swift in Sources */ = {isa = PBXBuildFile; fileRef = OBJ_6 /* Package.swift */; };
		OBJ_122 /* TypologyTests.swift in Sources */ = {isa = PBXBuildFile; fileRef = OBJ_15 /* TypologyTests.swift */; };
		OBJ_124 /* Typology.framework in Frameworks */ = {isa = PBXBuildFile; fileRef = "Typology::Typology::Product" /* Typology.framework */; };
		OBJ_125 /* SwiftSyntax.framework in Frameworks */ = {isa = PBXBuildFile; fileRef = "SwiftSyntax::SwiftSyntax::Product" /* SwiftSyntax.framework */; };
		OBJ_61 /* AbsolutePosition.swift in Sources */ = {isa = PBXBuildFile; fileRef = OBJ_19 /* AbsolutePosition.swift */; };
		OBJ_62 /* ByteTreeDeserialization.swift in Sources */ = {isa = PBXBuildFile; fileRef = OBJ_20 /* ByteTreeDeserialization.swift */; };
		OBJ_63 /* Diagnostic.swift in Sources */ = {isa = PBXBuildFile; fileRef = OBJ_21 /* Diagnostic.swift */; };
		OBJ_64 /* DiagnosticConsumer.swift in Sources */ = {isa = PBXBuildFile; fileRef = OBJ_22 /* DiagnosticConsumer.swift */; };
		OBJ_65 /* DiagnosticEngine.swift in Sources */ = {isa = PBXBuildFile; fileRef = OBJ_23 /* DiagnosticEngine.swift */; };
		OBJ_66 /* JSONDiagnosticConsumer.swift in Sources */ = {isa = PBXBuildFile; fileRef = OBJ_24 /* JSONDiagnosticConsumer.swift */; };
		OBJ_67 /* LazyNonThreadSafeCache.swift in Sources */ = {isa = PBXBuildFile; fileRef = OBJ_25 /* LazyNonThreadSafeCache.swift */; };
		OBJ_68 /* PrintingDiagnosticConsumer.swift in Sources */ = {isa = PBXBuildFile; fileRef = OBJ_26 /* PrintingDiagnosticConsumer.swift */; };
		OBJ_69 /* RawSyntax.swift in Sources */ = {isa = PBXBuildFile; fileRef = OBJ_27 /* RawSyntax.swift */; };
		OBJ_70 /* SourceLength.swift in Sources */ = {isa = PBXBuildFile; fileRef = OBJ_28 /* SourceLength.swift */; };
		OBJ_71 /* SourcePresence.swift in Sources */ = {isa = PBXBuildFile; fileRef = OBJ_29 /* SourcePresence.swift */; };
		OBJ_72 /* SwiftSyntax.swift in Sources */ = {isa = PBXBuildFile; fileRef = OBJ_30 /* SwiftSyntax.swift */; };
		OBJ_73 /* SwiftcInvocation.swift in Sources */ = {isa = PBXBuildFile; fileRef = OBJ_31 /* SwiftcInvocation.swift */; };
		OBJ_74 /* Syntax.swift in Sources */ = {isa = PBXBuildFile; fileRef = OBJ_32 /* Syntax.swift */; };
		OBJ_75 /* SyntaxChildren.swift in Sources */ = {isa = PBXBuildFile; fileRef = OBJ_33 /* SyntaxChildren.swift */; };
		OBJ_76 /* SyntaxData.swift in Sources */ = {isa = PBXBuildFile; fileRef = OBJ_34 /* SyntaxData.swift */; };
		OBJ_77 /* WeakLookupTable.swift in Sources */ = {isa = PBXBuildFile; fileRef = OBJ_35 /* WeakLookupTable.swift */; };
		OBJ_78 /* SyntaxBuilders.swift in Sources */ = {isa = PBXBuildFile; fileRef = OBJ_37 /* SyntaxBuilders.swift */; };
		OBJ_79 /* SyntaxClassifier.swift in Sources */ = {isa = PBXBuildFile; fileRef = OBJ_38 /* SyntaxClassifier.swift */; };
		OBJ_80 /* SyntaxCollections.swift in Sources */ = {isa = PBXBuildFile; fileRef = OBJ_39 /* SyntaxCollections.swift */; };
		OBJ_81 /* SyntaxFactory.swift in Sources */ = {isa = PBXBuildFile; fileRef = OBJ_40 /* SyntaxFactory.swift */; };
		OBJ_82 /* SyntaxKind.swift in Sources */ = {isa = PBXBuildFile; fileRef = OBJ_41 /* SyntaxKind.swift */; };
		OBJ_83 /* SyntaxNodes.swift in Sources */ = {isa = PBXBuildFile; fileRef = OBJ_42 /* SyntaxNodes.swift */; };
		OBJ_84 /* SyntaxRewriter.swift in Sources */ = {isa = PBXBuildFile; fileRef = OBJ_43 /* SyntaxRewriter.swift */; };
		OBJ_85 /* TokenKind.swift in Sources */ = {isa = PBXBuildFile; fileRef = OBJ_44 /* TokenKind.swift */; };
		OBJ_86 /* Trivia.swift in Sources */ = {isa = PBXBuildFile; fileRef = OBJ_45 /* Trivia.swift */; };
		OBJ_93 /* Package.swift in Sources */ = {isa = PBXBuildFile; fileRef = OBJ_47 /* Package.swift */; };
		OBJ_99 /* AST.swift in Sources */ = {isa = PBXBuildFile; fileRef = OBJ_9 /* AST.swift */; };
/* End PBXBuildFile section */

/* Begin PBXContainerItemProxy section */
		D1C63D3922749A7500412161 /* PBXContainerItemProxy */ = {
			isa = PBXContainerItemProxy;
			containerPortal = OBJ_1 /* Project object */;
			proxyType = 1;
			remoteGlobalIDString = "SwiftSyntax::SwiftSyntax";
			remoteInfo = SwiftSyntax;
		};
		D1C63D3A22749A7500412161 /* PBXContainerItemProxy */ = {
			isa = PBXContainerItemProxy;
			containerPortal = OBJ_1 /* Project object */;
			proxyType = 1;
			remoteGlobalIDString = "Typology::Typology";
			remoteInfo = Typology;
		};
		D1C63D3B22749A7500412161 /* PBXContainerItemProxy */ = {
			isa = PBXContainerItemProxy;
			containerPortal = OBJ_1 /* Project object */;
			proxyType = 1;
			remoteGlobalIDString = "SwiftSyntax::SwiftSyntax";
			remoteInfo = SwiftSyntax;
		};
		D1C63D3C22749A7700412161 /* PBXContainerItemProxy */ = {
			isa = PBXContainerItemProxy;
			containerPortal = OBJ_1 /* Project object */;
			proxyType = 1;
			remoteGlobalIDString = "Typology::TypologyTests";
			remoteInfo = TypologyTests;
		};
/* End PBXContainerItemProxy section */

/* Begin PBXFileReference section */
		D1C63D3D2274ACF300412161 /* Type.swift */ = {isa = PBXFileReference; lastKnownFileType = sourcecode.swift; path = Type.swift; sourceTree = "<group>"; };
		D1C63D3F2274AD3200412161 /* Substitution.swift */ = {isa = PBXFileReference; lastKnownFileType = sourcecode.swift; path = Substitution.swift; sourceTree = "<group>"; };
		D1C63D4C2274CF9E00412161 /* Solver.swift */ = {isa = PBXFileReference; lastKnownFileType = sourcecode.swift; path = Solver.swift; sourceTree = "<group>"; };
		OBJ_11 /* Inference.swift */ = {isa = PBXFileReference; lastKnownFileType = sourcecode.swift; path = Inference.swift; sourceTree = "<group>"; };
		OBJ_12 /* Visitor.swift */ = {isa = PBXFileReference; lastKnownFileType = sourcecode.swift; path = Visitor.swift; sourceTree = "<group>"; };
		OBJ_15 /* TypologyTests.swift */ = {isa = PBXFileReference; lastKnownFileType = sourcecode.swift; path = TypologyTests.swift; sourceTree = "<group>"; };
		OBJ_19 /* AbsolutePosition.swift */ = {isa = PBXFileReference; lastKnownFileType = sourcecode.swift; path = AbsolutePosition.swift; sourceTree = "<group>"; };
		OBJ_20 /* ByteTreeDeserialization.swift */ = {isa = PBXFileReference; lastKnownFileType = sourcecode.swift; path = ByteTreeDeserialization.swift; sourceTree = "<group>"; };
		OBJ_21 /* Diagnostic.swift */ = {isa = PBXFileReference; lastKnownFileType = sourcecode.swift; path = Diagnostic.swift; sourceTree = "<group>"; };
		OBJ_22 /* DiagnosticConsumer.swift */ = {isa = PBXFileReference; lastKnownFileType = sourcecode.swift; path = DiagnosticConsumer.swift; sourceTree = "<group>"; };
		OBJ_23 /* DiagnosticEngine.swift */ = {isa = PBXFileReference; lastKnownFileType = sourcecode.swift; path = DiagnosticEngine.swift; sourceTree = "<group>"; };
		OBJ_24 /* JSONDiagnosticConsumer.swift */ = {isa = PBXFileReference; lastKnownFileType = sourcecode.swift; path = JSONDiagnosticConsumer.swift; sourceTree = "<group>"; };
		OBJ_25 /* LazyNonThreadSafeCache.swift */ = {isa = PBXFileReference; lastKnownFileType = sourcecode.swift; path = LazyNonThreadSafeCache.swift; sourceTree = "<group>"; };
		OBJ_26 /* PrintingDiagnosticConsumer.swift */ = {isa = PBXFileReference; lastKnownFileType = sourcecode.swift; path = PrintingDiagnosticConsumer.swift; sourceTree = "<group>"; };
		OBJ_27 /* RawSyntax.swift */ = {isa = PBXFileReference; lastKnownFileType = sourcecode.swift; path = RawSyntax.swift; sourceTree = "<group>"; };
		OBJ_28 /* SourceLength.swift */ = {isa = PBXFileReference; lastKnownFileType = sourcecode.swift; path = SourceLength.swift; sourceTree = "<group>"; };
		OBJ_29 /* SourcePresence.swift */ = {isa = PBXFileReference; lastKnownFileType = sourcecode.swift; path = SourcePresence.swift; sourceTree = "<group>"; };
		OBJ_30 /* SwiftSyntax.swift */ = {isa = PBXFileReference; lastKnownFileType = sourcecode.swift; path = SwiftSyntax.swift; sourceTree = "<group>"; };
		OBJ_31 /* SwiftcInvocation.swift */ = {isa = PBXFileReference; lastKnownFileType = sourcecode.swift; path = SwiftcInvocation.swift; sourceTree = "<group>"; };
		OBJ_32 /* Syntax.swift */ = {isa = PBXFileReference; lastKnownFileType = sourcecode.swift; path = Syntax.swift; sourceTree = "<group>"; };
		OBJ_33 /* SyntaxChildren.swift */ = {isa = PBXFileReference; lastKnownFileType = sourcecode.swift; path = SyntaxChildren.swift; sourceTree = "<group>"; };
		OBJ_34 /* SyntaxData.swift */ = {isa = PBXFileReference; lastKnownFileType = sourcecode.swift; path = SyntaxData.swift; sourceTree = "<group>"; };
		OBJ_35 /* WeakLookupTable.swift */ = {isa = PBXFileReference; lastKnownFileType = sourcecode.swift; path = WeakLookupTable.swift; sourceTree = "<group>"; };
		OBJ_37 /* SyntaxBuilders.swift */ = {isa = PBXFileReference; lastKnownFileType = sourcecode.swift; path = SyntaxBuilders.swift; sourceTree = "<group>"; };
		OBJ_38 /* SyntaxClassifier.swift */ = {isa = PBXFileReference; lastKnownFileType = sourcecode.swift; path = SyntaxClassifier.swift; sourceTree = "<group>"; };
		OBJ_39 /* SyntaxCollections.swift */ = {isa = PBXFileReference; lastKnownFileType = sourcecode.swift; path = SyntaxCollections.swift; sourceTree = "<group>"; };
		OBJ_40 /* SyntaxFactory.swift */ = {isa = PBXFileReference; lastKnownFileType = sourcecode.swift; path = SyntaxFactory.swift; sourceTree = "<group>"; };
		OBJ_41 /* SyntaxKind.swift */ = {isa = PBXFileReference; lastKnownFileType = sourcecode.swift; path = SyntaxKind.swift; sourceTree = "<group>"; };
		OBJ_42 /* SyntaxNodes.swift */ = {isa = PBXFileReference; lastKnownFileType = sourcecode.swift; path = SyntaxNodes.swift; sourceTree = "<group>"; };
		OBJ_43 /* SyntaxRewriter.swift */ = {isa = PBXFileReference; lastKnownFileType = sourcecode.swift; path = SyntaxRewriter.swift; sourceTree = "<group>"; };
		OBJ_44 /* TokenKind.swift */ = {isa = PBXFileReference; lastKnownFileType = sourcecode.swift; path = TokenKind.swift; sourceTree = "<group>"; };
		OBJ_45 /* Trivia.swift */ = {isa = PBXFileReference; lastKnownFileType = sourcecode.swift; path = Trivia.swift; sourceTree = "<group>"; };
		OBJ_47 /* Package.swift */ = {isa = PBXFileReference; explicitFileType = sourcecode.swift; name = Package.swift; path = "/Users/maxd/Documents/Typology/.build/checkouts/swift-syntax/Package.swift"; sourceTree = "<group>"; };
		OBJ_52 /* Configs */ = {isa = PBXFileReference; lastKnownFileType = folder; path = Configs; sourceTree = SOURCE_ROOT; };
		OBJ_53 /* Typology.podspec */ = {isa = PBXFileReference; lastKnownFileType = text; path = Typology.podspec; sourceTree = "<group>"; };
		OBJ_54 /* LICENSE.md */ = {isa = PBXFileReference; lastKnownFileType = net.daringfireball.markdown; path = LICENSE.md; sourceTree = "<group>"; };
		OBJ_55 /* README.md */ = {isa = PBXFileReference; lastKnownFileType = net.daringfireball.markdown; path = README.md; sourceTree = "<group>"; };
		OBJ_6 /* Package.swift */ = {isa = PBXFileReference; explicitFileType = sourcecode.swift; path = Package.swift; sourceTree = "<group>"; };
		OBJ_9 /* AST.swift */ = {isa = PBXFileReference; lastKnownFileType = sourcecode.swift; path = AST.swift; sourceTree = "<group>"; };
		"SwiftSyntax::SwiftSyntax::Product" /* SwiftSyntax.framework */ = {isa = PBXFileReference; lastKnownFileType = wrapper.framework; path = SwiftSyntax.framework; sourceTree = BUILT_PRODUCTS_DIR; };
		"Typology::Typology::Product" /* Typology.framework */ = {isa = PBXFileReference; lastKnownFileType = wrapper.framework; path = Typology.framework; sourceTree = BUILT_PRODUCTS_DIR; };
		"Typology::TypologyTests::Product" /* TypologyTests.xctest */ = {isa = PBXFileReference; lastKnownFileType = file; path = TypologyTests.xctest; sourceTree = BUILT_PRODUCTS_DIR; };
/* End PBXFileReference section */

/* Begin PBXFrameworksBuildPhase section */
		OBJ_103 /* Frameworks */ = {
			isa = PBXFrameworksBuildPhase;
			buildActionMask = 0;
			files = (
				OBJ_104 /* SwiftSyntax.framework in Frameworks */,
			);
			runOnlyForDeploymentPostprocessing = 0;
		};
		OBJ_123 /* Frameworks */ = {
			isa = PBXFrameworksBuildPhase;
			buildActionMask = 0;
			files = (
				OBJ_124 /* Typology.framework in Frameworks */,
				OBJ_125 /* SwiftSyntax.framework in Frameworks */,
			);
			runOnlyForDeploymentPostprocessing = 0;
		};
		OBJ_87 /* Frameworks */ = {
			isa = PBXFrameworksBuildPhase;
			buildActionMask = 0;
			files = (
			);
			runOnlyForDeploymentPostprocessing = 0;
		};
/* End PBXFrameworksBuildPhase section */

/* Begin PBXGroup section */
		OBJ_13 /* Tests */ = {
			isa = PBXGroup;
			children = (
				OBJ_14 /* TypologyTests */,
			);
			name = Tests;
			sourceTree = SOURCE_ROOT;
		};
		OBJ_14 /* TypologyTests */ = {
			isa = PBXGroup;
			children = (
				OBJ_15 /* TypologyTests.swift */,
			);
			name = TypologyTests;
			path = Tests/TypologyTests;
			sourceTree = SOURCE_ROOT;
		};
		OBJ_16 /* Dependencies */ = {
			isa = PBXGroup;
			children = (
				OBJ_17 /* SwiftSyntax 0.50000.0 */,
			);
			name = Dependencies;
			sourceTree = "<group>";
		};
		OBJ_17 /* SwiftSyntax 0.50000.0 */ = {
			isa = PBXGroup;
			children = (
				OBJ_18 /* SwiftSyntax */,
				OBJ_46 /* lit-test-helper */,
				OBJ_47 /* Package.swift */,
			);
			name = "SwiftSyntax 0.50000.0";
			sourceTree = SOURCE_ROOT;
		};
		OBJ_18 /* SwiftSyntax */ = {
			isa = PBXGroup;
			children = (
				OBJ_19 /* AbsolutePosition.swift */,
				OBJ_20 /* ByteTreeDeserialization.swift */,
				OBJ_21 /* Diagnostic.swift */,
				OBJ_22 /* DiagnosticConsumer.swift */,
				OBJ_23 /* DiagnosticEngine.swift */,
				OBJ_24 /* JSONDiagnosticConsumer.swift */,
				OBJ_25 /* LazyNonThreadSafeCache.swift */,
				OBJ_26 /* PrintingDiagnosticConsumer.swift */,
				OBJ_27 /* RawSyntax.swift */,
				OBJ_28 /* SourceLength.swift */,
				OBJ_29 /* SourcePresence.swift */,
				OBJ_30 /* SwiftSyntax.swift */,
				OBJ_31 /* SwiftcInvocation.swift */,
				OBJ_32 /* Syntax.swift */,
				OBJ_33 /* SyntaxChildren.swift */,
				OBJ_34 /* SyntaxData.swift */,
				OBJ_35 /* WeakLookupTable.swift */,
				OBJ_36 /* gyb_generated */,
			);
			name = SwiftSyntax;
			path = ".build/checkouts/swift-syntax/Sources/SwiftSyntax";
			sourceTree = SOURCE_ROOT;
		};
		OBJ_36 /* gyb_generated */ = {
			isa = PBXGroup;
			children = (
				OBJ_37 /* SyntaxBuilders.swift */,
				OBJ_38 /* SyntaxClassifier.swift */,
				OBJ_39 /* SyntaxCollections.swift */,
				OBJ_40 /* SyntaxFactory.swift */,
				OBJ_41 /* SyntaxKind.swift */,
				OBJ_42 /* SyntaxNodes.swift */,
				OBJ_43 /* SyntaxRewriter.swift */,
				OBJ_44 /* TokenKind.swift */,
				OBJ_45 /* Trivia.swift */,
			);
			path = gyb_generated;
			sourceTree = "<group>";
		};
		OBJ_46 /* lit-test-helper */ = {
			isa = PBXGroup;
			children = (
			);
			name = "lit-test-helper";
			path = ".build/checkouts/swift-syntax/Sources/lit-test-helper";
			sourceTree = SOURCE_ROOT;
		};
		OBJ_48 /* Products */ = {
			isa = PBXGroup;
			children = (
				"Typology::Typology::Product" /* Typology.framework */,
				"Typology::TypologyTests::Product" /* TypologyTests.xctest */,
				"SwiftSyntax::SwiftSyntax::Product" /* SwiftSyntax.framework */,
			);
			name = Products;
			sourceTree = BUILT_PRODUCTS_DIR;
		};
		OBJ_5 = {
			isa = PBXGroup;
			children = (
				OBJ_6 /* Package.swift */,
				OBJ_7 /* Sources */,
				OBJ_13 /* Tests */,
				OBJ_16 /* Dependencies */,
				OBJ_48 /* Products */,
				OBJ_52 /* Configs */,
				OBJ_53 /* Typology.podspec */,
				OBJ_54 /* LICENSE.md */,
				OBJ_55 /* README.md */,
			);
			sourceTree = "<group>";
		};
		OBJ_7 /* Sources */ = {
			isa = PBXGroup;
			children = (
				OBJ_8 /* Typology */,
			);
			name = Sources;
			sourceTree = SOURCE_ROOT;
		};
		OBJ_8 /* Typology */ = {
			isa = PBXGroup;
			children = (
				OBJ_9 /* AST.swift */,
				OBJ_11 /* Inference.swift */,
				OBJ_12 /* Visitor.swift */,
				D1C63D3D2274ACF300412161 /* Type.swift */,
				D1C63D3F2274AD3200412161 /* Substitution.swift */,
				D1C63D4C2274CF9E00412161 /* Solver.swift */,
			);
			name = Typology;
			path = Sources/Typology;
			sourceTree = SOURCE_ROOT;
		};
/* End PBXGroup section */

/* Begin PBXNativeTarget section */
		"SwiftSyntax::SwiftPMPackageDescription" /* SwiftSyntaxPackageDescription */ = {
			isa = PBXNativeTarget;
			buildConfigurationList = OBJ_89 /* Build configuration list for PBXNativeTarget "SwiftSyntaxPackageDescription" */;
			buildPhases = (
				OBJ_92 /* Sources */,
			);
			buildRules = (
			);
			dependencies = (
			);
			name = SwiftSyntaxPackageDescription;
			productName = SwiftSyntaxPackageDescription;
			productType = "com.apple.product-type.framework";
		};
		"SwiftSyntax::SwiftSyntax" /* SwiftSyntax */ = {
			isa = PBXNativeTarget;
			buildConfigurationList = OBJ_57 /* Build configuration list for PBXNativeTarget "SwiftSyntax" */;
			buildPhases = (
				OBJ_60 /* Sources */,
				OBJ_87 /* Frameworks */,
			);
			buildRules = (
			);
			dependencies = (
			);
			name = SwiftSyntax;
			productName = SwiftSyntax;
			productReference = "SwiftSyntax::SwiftSyntax::Product" /* SwiftSyntax.framework */;
			productType = "com.apple.product-type.framework";
		};
		"Typology::SwiftPMPackageDescription" /* TypologyPackageDescription */ = {
			isa = PBXNativeTarget;
			buildConfigurationList = OBJ_107 /* Build configuration list for PBXNativeTarget "TypologyPackageDescription" */;
			buildPhases = (
				OBJ_110 /* Sources */,
			);
			buildRules = (
			);
			dependencies = (
			);
			name = TypologyPackageDescription;
			productName = TypologyPackageDescription;
			productType = "com.apple.product-type.framework";
		};
		"Typology::Typology" /* Typology */ = {
			isa = PBXNativeTarget;
			buildConfigurationList = OBJ_95 /* Build configuration list for PBXNativeTarget "Typology" */;
			buildPhases = (
				OBJ_98 /* Sources */,
				OBJ_103 /* Frameworks */,
			);
			buildRules = (
			);
			dependencies = (
				OBJ_105 /* PBXTargetDependency */,
			);
			name = Typology;
			productName = Typology;
			productReference = "Typology::Typology::Product" /* Typology.framework */;
			productType = "com.apple.product-type.framework";
		};
		"Typology::TypologyTests" /* TypologyTests */ = {
			isa = PBXNativeTarget;
			buildConfigurationList = OBJ_118 /* Build configuration list for PBXNativeTarget "TypologyTests" */;
			buildPhases = (
				OBJ_121 /* Sources */,
				OBJ_123 /* Frameworks */,
			);
			buildRules = (
			);
			dependencies = (
				OBJ_126 /* PBXTargetDependency */,
				OBJ_127 /* PBXTargetDependency */,
			);
			name = TypologyTests;
			productName = TypologyTests;
			productReference = "Typology::TypologyTests::Product" /* TypologyTests.xctest */;
			productType = "com.apple.product-type.bundle.unit-test";
		};
/* End PBXNativeTarget section */

/* Begin PBXProject section */
		OBJ_1 /* Project object */ = {
			isa = PBXProject;
			attributes = {
				LastSwiftMigration = 9999;
				LastUpgradeCheck = 9999;
			};
			buildConfigurationList = OBJ_2 /* Build configuration list for PBXProject "Typology" */;
			compatibilityVersion = "Xcode 3.2";
			developmentRegion = English;
			hasScannedForEncodings = 0;
			knownRegions = (
				English,
				en,
			);
			mainGroup = OBJ_5;
			productRefGroup = OBJ_48 /* Products */;
			projectDirPath = "";
			projectRoot = "";
			targets = (
				"SwiftSyntax::SwiftSyntax" /* SwiftSyntax */,
				"SwiftSyntax::SwiftPMPackageDescription" /* SwiftSyntaxPackageDescription */,
				"Typology::Typology" /* Typology */,
				"Typology::SwiftPMPackageDescription" /* TypologyPackageDescription */,
				"Typology::TypologyPackageTests::ProductTarget" /* TypologyPackageTests */,
				"Typology::TypologyTests" /* TypologyTests */,
			);
		};
/* End PBXProject section */

/* Begin PBXSourcesBuildPhase section */
		OBJ_110 /* Sources */ = {
			isa = PBXSourcesBuildPhase;
			buildActionMask = 0;
			files = (
				OBJ_111 /* Package.swift in Sources */,
			);
			runOnlyForDeploymentPostprocessing = 0;
		};
		OBJ_121 /* Sources */ = {
			isa = PBXSourcesBuildPhase;
			buildActionMask = 0;
			files = (
				OBJ_122 /* TypologyTests.swift in Sources */,
			);
			runOnlyForDeploymentPostprocessing = 0;
		};
		OBJ_60 /* Sources */ = {
			isa = PBXSourcesBuildPhase;
			buildActionMask = 0;
			files = (
				OBJ_61 /* AbsolutePosition.swift in Sources */,
				OBJ_62 /* ByteTreeDeserialization.swift in Sources */,
				OBJ_63 /* Diagnostic.swift in Sources */,
				OBJ_64 /* DiagnosticConsumer.swift in Sources */,
				OBJ_65 /* DiagnosticEngine.swift in Sources */,
				OBJ_66 /* JSONDiagnosticConsumer.swift in Sources */,
				OBJ_67 /* LazyNonThreadSafeCache.swift in Sources */,
				OBJ_68 /* PrintingDiagnosticConsumer.swift in Sources */,
				OBJ_69 /* RawSyntax.swift in Sources */,
				OBJ_70 /* SourceLength.swift in Sources */,
				OBJ_71 /* SourcePresence.swift in Sources */,
				OBJ_72 /* SwiftSyntax.swift in Sources */,
				OBJ_73 /* SwiftcInvocation.swift in Sources */,
				OBJ_74 /* Syntax.swift in Sources */,
				OBJ_75 /* SyntaxChildren.swift in Sources */,
				OBJ_76 /* SyntaxData.swift in Sources */,
				OBJ_77 /* WeakLookupTable.swift in Sources */,
				OBJ_78 /* SyntaxBuilders.swift in Sources */,
				OBJ_79 /* SyntaxClassifier.swift in Sources */,
				OBJ_80 /* SyntaxCollections.swift in Sources */,
				OBJ_81 /* SyntaxFactory.swift in Sources */,
				OBJ_82 /* SyntaxKind.swift in Sources */,
				OBJ_83 /* SyntaxNodes.swift in Sources */,
				OBJ_84 /* SyntaxRewriter.swift in Sources */,
				OBJ_85 /* TokenKind.swift in Sources */,
				OBJ_86 /* Trivia.swift in Sources */,
			);
			runOnlyForDeploymentPostprocessing = 0;
		};
		OBJ_92 /* Sources */ = {
			isa = PBXSourcesBuildPhase;
			buildActionMask = 0;
			files = (
				OBJ_93 /* Package.swift in Sources */,
			);
			runOnlyForDeploymentPostprocessing = 0;
		};
		OBJ_98 /* Sources */ = {
			isa = PBXSourcesBuildPhase;
			buildActionMask = 0;
			files = (
				OBJ_99 /* AST.swift in Sources */,
				OBJ_101 /* Inference.swift in Sources */,
				D1C63D4D2274CF9E00412161 /* Solver.swift in Sources */,
				OBJ_102 /* Visitor.swift in Sources */,
				D1C63D3E2274ACF300412161 /* Type.swift in Sources */,
				D1C63D402274AD3200412161 /* Substitution.swift in Sources */,
			);
			runOnlyForDeploymentPostprocessing = 0;
		};
/* End PBXSourcesBuildPhase section */

/* Begin PBXTargetDependency section */
		OBJ_105 /* PBXTargetDependency */ = {
			isa = PBXTargetDependency;
			target = "SwiftSyntax::SwiftSyntax" /* SwiftSyntax */;
			targetProxy = D1C63D3922749A7500412161 /* PBXContainerItemProxy */;
		};
		OBJ_116 /* PBXTargetDependency */ = {
			isa = PBXTargetDependency;
			target = "Typology::TypologyTests" /* TypologyTests */;
			targetProxy = D1C63D3C22749A7700412161 /* PBXContainerItemProxy */;
		};
		OBJ_126 /* PBXTargetDependency */ = {
			isa = PBXTargetDependency;
			target = "Typology::Typology" /* Typology */;
			targetProxy = D1C63D3A22749A7500412161 /* PBXContainerItemProxy */;
		};
		OBJ_127 /* PBXTargetDependency */ = {
			isa = PBXTargetDependency;
			target = "SwiftSyntax::SwiftSyntax" /* SwiftSyntax */;
			targetProxy = D1C63D3B22749A7500412161 /* PBXContainerItemProxy */;
		};
/* End PBXTargetDependency section */

/* Begin XCBuildConfiguration section */
		OBJ_108 /* Debug */ = {
			isa = XCBuildConfiguration;
			buildSettings = {
				LD = /usr/bin/true;
				OTHER_SWIFT_FLAGS = "-swift-version 4 -I $(TOOLCHAIN_DIR)/usr/lib/swift/pm/4 -target x86_64-apple-macosx10.10 -sdk /Applications/Xcode.app/Contents/Developer/Platforms/MacOSX.platform/Developer/SDKs/MacOSX10.14.sdk";
				SWIFT_VERSION = 4.0;
			};
			name = Debug;
		};
		OBJ_109 /* Release */ = {
			isa = XCBuildConfiguration;
			buildSettings = {
				LD = /usr/bin/true;
				OTHER_SWIFT_FLAGS = "-swift-version 4 -I $(TOOLCHAIN_DIR)/usr/lib/swift/pm/4 -target x86_64-apple-macosx10.10 -sdk /Applications/Xcode.app/Contents/Developer/Platforms/MacOSX.platform/Developer/SDKs/MacOSX10.14.sdk";
				SWIFT_VERSION = 4.0;
			};
			name = Release;
		};
		OBJ_114 /* Debug */ = {
			isa = XCBuildConfiguration;
			buildSettings = {
			};
			name = Debug;
		};
		OBJ_115 /* Release */ = {
			isa = XCBuildConfiguration;
			buildSettings = {
			};
			name = Release;
		};
		OBJ_119 /* Debug */ = {
			isa = XCBuildConfiguration;
			buildSettings = {
				CLANG_ENABLE_MODULES = YES;
				EMBEDDED_CONTENT_CONTAINS_SWIFT = YES;
				FRAMEWORK_SEARCH_PATHS = (
					"$(inherited)",
					"$(PLATFORM_DIR)/Developer/Library/Frameworks",
				);
				HEADER_SEARCH_PATHS = "$(inherited)";
				INFOPLIST_FILE = Typology.xcodeproj/TypologyTests_Info.plist;
				LD_RUNPATH_SEARCH_PATHS = "$(inherited) @loader_path/../Frameworks @loader_path/Frameworks";
				OTHER_CFLAGS = "$(inherited)";
				OTHER_LDFLAGS = "$(inherited)";
				OTHER_SWIFT_FLAGS = "$(inherited)";
				SWIFT_ACTIVE_COMPILATION_CONDITIONS = "$(inherited)";
				SWIFT_VERSION = 4.0;
				TARGET_NAME = TypologyTests;
			};
			name = Debug;
		};
		OBJ_120 /* Release */ = {
			isa = XCBuildConfiguration;
			buildSettings = {
				CLANG_ENABLE_MODULES = YES;
				EMBEDDED_CONTENT_CONTAINS_SWIFT = YES;
				FRAMEWORK_SEARCH_PATHS = (
					"$(inherited)",
					"$(PLATFORM_DIR)/Developer/Library/Frameworks",
				);
				HEADER_SEARCH_PATHS = "$(inherited)";
				INFOPLIST_FILE = Typology.xcodeproj/TypologyTests_Info.plist;
				LD_RUNPATH_SEARCH_PATHS = "$(inherited) @loader_path/../Frameworks @loader_path/Frameworks";
				OTHER_CFLAGS = "$(inherited)";
				OTHER_LDFLAGS = "$(inherited)";
				OTHER_SWIFT_FLAGS = "$(inherited)";
				SWIFT_ACTIVE_COMPILATION_CONDITIONS = "$(inherited)";
				SWIFT_VERSION = 4.0;
				TARGET_NAME = TypologyTests;
			};
			name = Release;
		};
		OBJ_3 /* Debug */ = {
			isa = XCBuildConfiguration;
			buildSettings = {
				CLANG_ENABLE_OBJC_ARC = YES;
				COMBINE_HIDPI_IMAGES = YES;
				COPY_PHASE_STRIP = NO;
				DEBUG_INFORMATION_FORMAT = dwarf;
				DYLIB_INSTALL_NAME_BASE = "@rpath";
				ENABLE_NS_ASSERTIONS = YES;
				GCC_OPTIMIZATION_LEVEL = 0;
				GCC_PREPROCESSOR_DEFINITIONS = (
					"$(inherited)",
					"SWIFT_PACKAGE=1",
					"DEBUG=1",
				);
				MACOSX_DEPLOYMENT_TARGET = 10.10;
				ONLY_ACTIVE_ARCH = YES;
				OTHER_SWIFT_FLAGS = "-DXcode";
				PRODUCT_NAME = "$(TARGET_NAME)";
				SDKROOT = macosx;
				SUPPORTED_PLATFORMS = "macosx iphoneos iphonesimulator appletvos appletvsimulator watchos watchsimulator";
				SWIFT_ACTIVE_COMPILATION_CONDITIONS = "$(inherited) SWIFT_PACKAGE DEBUG";
				SWIFT_OPTIMIZATION_LEVEL = "-Onone";
				USE_HEADERMAP = NO;
			};
			name = Debug;
		};
		OBJ_4 /* Release */ = {
			isa = XCBuildConfiguration;
			buildSettings = {
				CLANG_ENABLE_OBJC_ARC = YES;
				COMBINE_HIDPI_IMAGES = YES;
				COPY_PHASE_STRIP = YES;
				DEBUG_INFORMATION_FORMAT = "dwarf-with-dsym";
				DYLIB_INSTALL_NAME_BASE = "@rpath";
				GCC_OPTIMIZATION_LEVEL = s;
				GCC_PREPROCESSOR_DEFINITIONS = (
					"$(inherited)",
					"SWIFT_PACKAGE=1",
				);
				MACOSX_DEPLOYMENT_TARGET = 10.10;
				OTHER_SWIFT_FLAGS = "-DXcode";
				PRODUCT_NAME = "$(TARGET_NAME)";
				SDKROOT = macosx;
				SUPPORTED_PLATFORMS = "macosx iphoneos iphonesimulator appletvos appletvsimulator watchos watchsimulator";
				SWIFT_ACTIVE_COMPILATION_CONDITIONS = "$(inherited) SWIFT_PACKAGE";
				SWIFT_OPTIMIZATION_LEVEL = "-Owholemodule";
				USE_HEADERMAP = NO;
			};
			name = Release;
		};
		OBJ_58 /* Debug */ = {
			isa = XCBuildConfiguration;
			buildSettings = {
				ENABLE_TESTABILITY = YES;
				FRAMEWORK_SEARCH_PATHS = (
					"$(inherited)",
					"$(PLATFORM_DIR)/Developer/Library/Frameworks",
				);
				HEADER_SEARCH_PATHS = "$(inherited)";
				INFOPLIST_FILE = Typology.xcodeproj/SwiftSyntax_Info.plist;
				LD_RUNPATH_SEARCH_PATHS = "$(inherited) $(TOOLCHAIN_DIR)/usr/lib/swift/macosx";
				OTHER_CFLAGS = "$(inherited)";
				OTHER_LDFLAGS = "$(inherited)";
				OTHER_SWIFT_FLAGS = "$(inherited)";
				PRODUCT_BUNDLE_IDENTIFIER = SwiftSyntax;
				PRODUCT_MODULE_NAME = "$(TARGET_NAME:c99extidentifier)";
				PRODUCT_NAME = "$(TARGET_NAME:c99extidentifier)";
				SKIP_INSTALL = YES;
				SWIFT_ACTIVE_COMPILATION_CONDITIONS = "$(inherited)";
				SWIFT_VERSION = 4.2;
				TARGET_NAME = SwiftSyntax;
			};
			name = Debug;
		};
		OBJ_59 /* Release */ = {
			isa = XCBuildConfiguration;
			buildSettings = {
				ENABLE_TESTABILITY = YES;
				FRAMEWORK_SEARCH_PATHS = (
					"$(inherited)",
					"$(PLATFORM_DIR)/Developer/Library/Frameworks",
				);
				HEADER_SEARCH_PATHS = "$(inherited)";
				INFOPLIST_FILE = Typology.xcodeproj/SwiftSyntax_Info.plist;
				LD_RUNPATH_SEARCH_PATHS = "$(inherited) $(TOOLCHAIN_DIR)/usr/lib/swift/macosx";
				OTHER_CFLAGS = "$(inherited)";
				OTHER_LDFLAGS = "$(inherited)";
				OTHER_SWIFT_FLAGS = "$(inherited)";
				PRODUCT_BUNDLE_IDENTIFIER = SwiftSyntax;
				PRODUCT_MODULE_NAME = "$(TARGET_NAME:c99extidentifier)";
				PRODUCT_NAME = "$(TARGET_NAME:c99extidentifier)";
				SKIP_INSTALL = YES;
				SWIFT_ACTIVE_COMPILATION_CONDITIONS = "$(inherited)";
				SWIFT_VERSION = 4.2;
				TARGET_NAME = SwiftSyntax;
			};
			name = Release;
		};
		OBJ_90 /* Debug */ = {
			isa = XCBuildConfiguration;
			buildSettings = {
				LD = /usr/bin/true;
				OTHER_SWIFT_FLAGS = "-swift-version 4.2 -I $(TOOLCHAIN_DIR)/usr/lib/swift/pm/4_2 -target x86_64-apple-macosx10.10 -sdk /Applications/Xcode.app/Contents/Developer/Platforms/MacOSX.platform/Developer/SDKs/MacOSX10.14.sdk";
				SWIFT_VERSION = 4.2;
			};
			name = Debug;
		};
		OBJ_91 /* Release */ = {
			isa = XCBuildConfiguration;
			buildSettings = {
				LD = /usr/bin/true;
				OTHER_SWIFT_FLAGS = "-swift-version 4.2 -I $(TOOLCHAIN_DIR)/usr/lib/swift/pm/4_2 -target x86_64-apple-macosx10.10 -sdk /Applications/Xcode.app/Contents/Developer/Platforms/MacOSX.platform/Developer/SDKs/MacOSX10.14.sdk";
				SWIFT_VERSION = 4.2;
			};
			name = Release;
		};
		OBJ_96 /* Debug */ = {
			isa = XCBuildConfiguration;
			buildSettings = {
				ENABLE_TESTABILITY = YES;
				FRAMEWORK_SEARCH_PATHS = (
					"$(inherited)",
					"$(PLATFORM_DIR)/Developer/Library/Frameworks",
				);
				HEADER_SEARCH_PATHS = "$(inherited)";
				INFOPLIST_FILE = Typology.xcodeproj/Typology_Info.plist;
				LD_RUNPATH_SEARCH_PATHS = "$(inherited) $(TOOLCHAIN_DIR)/usr/lib/swift/macosx";
				OTHER_CFLAGS = "$(inherited)";
				OTHER_LDFLAGS = "$(inherited)";
				OTHER_SWIFT_FLAGS = "$(inherited)";
				PRODUCT_BUNDLE_IDENTIFIER = Typology;
				PRODUCT_MODULE_NAME = "$(TARGET_NAME:c99extidentifier)";
				PRODUCT_NAME = "$(TARGET_NAME:c99extidentifier)";
				SKIP_INSTALL = YES;
				SWIFT_ACTIVE_COMPILATION_CONDITIONS = "$(inherited)";
				SWIFT_VERSION = 4.0;
				TARGET_NAME = Typology;
			};
			name = Debug;
		};
		OBJ_97 /* Release */ = {
			isa = XCBuildConfiguration;
			buildSettings = {
				ENABLE_TESTABILITY = YES;
				FRAMEWORK_SEARCH_PATHS = (
					"$(inherited)",
					"$(PLATFORM_DIR)/Developer/Library/Frameworks",
				);
				HEADER_SEARCH_PATHS = "$(inherited)";
				INFOPLIST_FILE = Typology.xcodeproj/Typology_Info.plist;
				LD_RUNPATH_SEARCH_PATHS = "$(inherited) $(TOOLCHAIN_DIR)/usr/lib/swift/macosx";
				OTHER_CFLAGS = "$(inherited)";
				OTHER_LDFLAGS = "$(inherited)";
				OTHER_SWIFT_FLAGS = "$(inherited)";
				PRODUCT_BUNDLE_IDENTIFIER = Typology;
				PRODUCT_MODULE_NAME = "$(TARGET_NAME:c99extidentifier)";
				PRODUCT_NAME = "$(TARGET_NAME:c99extidentifier)";
				SKIP_INSTALL = YES;
				SWIFT_ACTIVE_COMPILATION_CONDITIONS = "$(inherited)";
				SWIFT_VERSION = 4.0;
				TARGET_NAME = Typology;
			};
			name = Release;
		};
/* End XCBuildConfiguration section */

/* Begin XCConfigurationList section */
		OBJ_107 /* Build configuration list for PBXNativeTarget "TypologyPackageDescription" */ = {
			isa = XCConfigurationList;
			buildConfigurations = (
				OBJ_108 /* Debug */,
				OBJ_109 /* Release */,
			);
			defaultConfigurationIsVisible = 0;
			defaultConfigurationName = Release;
		};
		OBJ_113 /* Build configuration list for PBXAggregateTarget "TypologyPackageTests" */ = {
			isa = XCConfigurationList;
			buildConfigurations = (
				OBJ_114 /* Debug */,
				OBJ_115 /* Release */,
			);
			defaultConfigurationIsVisible = 0;
			defaultConfigurationName = Release;
		};
		OBJ_118 /* Build configuration list for PBXNativeTarget "TypologyTests" */ = {
			isa = XCConfigurationList;
			buildConfigurations = (
				OBJ_119 /* Debug */,
				OBJ_120 /* Release */,
			);
			defaultConfigurationIsVisible = 0;
			defaultConfigurationName = Release;
		};
		OBJ_2 /* Build configuration list for PBXProject "Typology" */ = {
			isa = XCConfigurationList;
			buildConfigurations = (
				OBJ_3 /* Debug */,
				OBJ_4 /* Release */,
			);
			defaultConfigurationIsVisible = 0;
			defaultConfigurationName = Release;
		};
		OBJ_57 /* Build configuration list for PBXNativeTarget "SwiftSyntax" */ = {
			isa = XCConfigurationList;
			buildConfigurations = (
				OBJ_58 /* Debug */,
				OBJ_59 /* Release */,
			);
			defaultConfigurationIsVisible = 0;
			defaultConfigurationName = Release;
		};
		OBJ_89 /* Build configuration list for PBXNativeTarget "SwiftSyntaxPackageDescription" */ = {
			isa = XCConfigurationList;
			buildConfigurations = (
				OBJ_90 /* Debug */,
				OBJ_91 /* Release */,
			);
			defaultConfigurationIsVisible = 0;
			defaultConfigurationName = Release;
		};
		OBJ_95 /* Build configuration list for PBXNativeTarget "Typology" */ = {
			isa = XCConfigurationList;
			buildConfigurations = (
				OBJ_96 /* Debug */,
				OBJ_97 /* Release */,
			);
			defaultConfigurationIsVisible = 0;
			defaultConfigurationName = Release;
		};
/* End XCConfigurationList section */
	};
	rootObject = OBJ_1 /* Project object */;
}
