// !$*UTF8*$!
{
	archiveVersion = 1;
	classes = {
	};
	objectVersion = 46;
	objects = {

/* Begin PBXAggregateTarget section */
		"Typology::TypologyPackageTests::ProductTarget" /* TypologyPackageTests */ = {
			isa = PBXAggregateTarget;
			buildConfigurationList = OBJ_117 /* Build configuration list for PBXAggregateTarget "TypologyPackageTests" */;
			buildPhases = (
			);
			dependencies = (
				OBJ_120 /* PBXTargetDependency */,
			);
			name = TypologyPackageTests;
			productName = TypologyPackageTests;
		};
/* End PBXAggregateTarget section */

/* Begin PBXBuildFile section */
		D1055B21229D3B760018F4BF /* TypeError.swift in Sources */ = {isa = PBXBuildFile; fileRef = D1055B20229D3B760018F4BF /* TypeError.swift */; };
		D114741A229C3C9100CDBEB0 /* Protocol.swift in Sources */ = {isa = PBXBuildFile; fileRef = D1147419229C3C9100CDBEB0 /* Protocol.swift */; };
		D12CCC3022998FC700491928 /* Benchmarks.swift in Sources */ = {isa = PBXBuildFile; fileRef = D12CCC2E22998F0D00491928 /* Benchmarks.swift */; };
		D12CCC322299933600491928 /* Literal.swift in Sources */ = {isa = PBXBuildFile; fileRef = D12CCC312299933600491928 /* Literal.swift */; };
		D1A6A65F22A30B6A00F78D9A /* ASTTests.swift in Sources */ = {isa = PBXBuildFile; fileRef = D1A6A65E22A30B6A00F78D9A /* ASTTests.swift */; };
		D1B239E622885CF000746A12 /* Expr.swift in Sources */ = {isa = PBXBuildFile; fileRef = D1B239E522885CF000746A12 /* Expr.swift */; };
		D1ECA97B229C7A8D00BB8765 /* Scheme.swift in Sources */ = {isa = PBXBuildFile; fileRef = D1ECA97A229C7A8D00BB8765 /* Scheme.swift */; };
		OBJ_101 /* AST.swift in Sources */ = {isa = PBXBuildFile; fileRef = OBJ_9 /* AST.swift */; };
		OBJ_102 /* Inference.swift in Sources */ = {isa = PBXBuildFile; fileRef = OBJ_10 /* Inference.swift */; };
		OBJ_103 /* Solver.swift in Sources */ = {isa = PBXBuildFile; fileRef = OBJ_11 /* Solver.swift */; };
		OBJ_104 /* Substitution.swift in Sources */ = {isa = PBXBuildFile; fileRef = OBJ_12 /* Substitution.swift */; };
		OBJ_105 /* Type.swift in Sources */ = {isa = PBXBuildFile; fileRef = OBJ_13 /* Type.swift */; };
		OBJ_106 /* SwiftSyntax.swift in Sources */ = {isa = PBXBuildFile; fileRef = OBJ_14 /* SwiftSyntax.swift */; };
		OBJ_108 /* SwiftSyntax.framework in Frameworks */ = {isa = PBXBuildFile; fileRef = "SwiftSyntax::SwiftSyntax::Product" /* SwiftSyntax.framework */; };
		OBJ_115 /* Package.swift in Sources */ = {isa = PBXBuildFile; fileRef = OBJ_6 /* Package.swift */; };
		OBJ_126 /* InferenceTests.swift in Sources */ = {isa = PBXBuildFile; fileRef = OBJ_17 /* InferenceTests.swift */; };
		OBJ_128 /* Typology.framework in Frameworks */ = {isa = PBXBuildFile; fileRef = "Typology::Typology::Product" /* Typology.framework */; };
		OBJ_129 /* SwiftSyntax.framework in Frameworks */ = {isa = PBXBuildFile; fileRef = "SwiftSyntax::SwiftSyntax::Product" /* SwiftSyntax.framework */; };
		OBJ_63 /* AbsolutePosition.swift in Sources */ = {isa = PBXBuildFile; fileRef = OBJ_21 /* AbsolutePosition.swift */; };
		OBJ_64 /* ByteTreeDeserialization.swift in Sources */ = {isa = PBXBuildFile; fileRef = OBJ_22 /* ByteTreeDeserialization.swift */; };
		OBJ_65 /* Diagnostic.swift in Sources */ = {isa = PBXBuildFile; fileRef = OBJ_23 /* Diagnostic.swift */; };
		OBJ_66 /* DiagnosticConsumer.swift in Sources */ = {isa = PBXBuildFile; fileRef = OBJ_24 /* DiagnosticConsumer.swift */; };
		OBJ_67 /* DiagnosticEngine.swift in Sources */ = {isa = PBXBuildFile; fileRef = OBJ_25 /* DiagnosticEngine.swift */; };
		OBJ_68 /* JSONDiagnosticConsumer.swift in Sources */ = {isa = PBXBuildFile; fileRef = OBJ_26 /* JSONDiagnosticConsumer.swift */; };
		OBJ_69 /* LazyNonThreadSafeCache.swift in Sources */ = {isa = PBXBuildFile; fileRef = OBJ_27 /* LazyNonThreadSafeCache.swift */; };
		OBJ_70 /* PrintingDiagnosticConsumer.swift in Sources */ = {isa = PBXBuildFile; fileRef = OBJ_28 /* PrintingDiagnosticConsumer.swift */; };
		OBJ_71 /* RawSyntax.swift in Sources */ = {isa = PBXBuildFile; fileRef = OBJ_29 /* RawSyntax.swift */; };
		OBJ_72 /* SourceLength.swift in Sources */ = {isa = PBXBuildFile; fileRef = OBJ_30 /* SourceLength.swift */; };
		OBJ_73 /* SourcePresence.swift in Sources */ = {isa = PBXBuildFile; fileRef = OBJ_31 /* SourcePresence.swift */; };
		OBJ_74 /* SwiftSyntax.swift in Sources */ = {isa = PBXBuildFile; fileRef = OBJ_32 /* SwiftSyntax.swift */; };
		OBJ_75 /* SwiftcInvocation.swift in Sources */ = {isa = PBXBuildFile; fileRef = OBJ_33 /* SwiftcInvocation.swift */; };
		OBJ_76 /* Syntax.swift in Sources */ = {isa = PBXBuildFile; fileRef = OBJ_34 /* Syntax.swift */; };
		OBJ_77 /* SyntaxChildren.swift in Sources */ = {isa = PBXBuildFile; fileRef = OBJ_35 /* SyntaxChildren.swift */; };
		OBJ_78 /* SyntaxData.swift in Sources */ = {isa = PBXBuildFile; fileRef = OBJ_36 /* SyntaxData.swift */; };
		OBJ_79 /* WeakLookupTable.swift in Sources */ = {isa = PBXBuildFile; fileRef = OBJ_37 /* WeakLookupTable.swift */; };
		OBJ_80 /* SyntaxBuilders.swift in Sources */ = {isa = PBXBuildFile; fileRef = OBJ_39 /* SyntaxBuilders.swift */; };
		OBJ_81 /* SyntaxClassifier.swift in Sources */ = {isa = PBXBuildFile; fileRef = OBJ_40 /* SyntaxClassifier.swift */; };
		OBJ_82 /* SyntaxCollections.swift in Sources */ = {isa = PBXBuildFile; fileRef = OBJ_41 /* SyntaxCollections.swift */; };
		OBJ_83 /* SyntaxFactory.swift in Sources */ = {isa = PBXBuildFile; fileRef = OBJ_42 /* SyntaxFactory.swift */; };
		OBJ_84 /* SyntaxKind.swift in Sources */ = {isa = PBXBuildFile; fileRef = OBJ_43 /* SyntaxKind.swift */; };
		OBJ_85 /* SyntaxNodes.swift in Sources */ = {isa = PBXBuildFile; fileRef = OBJ_44 /* SyntaxNodes.swift */; };
		OBJ_86 /* SyntaxRewriter.swift in Sources */ = {isa = PBXBuildFile; fileRef = OBJ_45 /* SyntaxRewriter.swift */; };
		OBJ_87 /* TokenKind.swift in Sources */ = {isa = PBXBuildFile; fileRef = OBJ_46 /* TokenKind.swift */; };
		OBJ_88 /* Trivia.swift in Sources */ = {isa = PBXBuildFile; fileRef = OBJ_47 /* Trivia.swift */; };
		OBJ_95 /* Package.swift in Sources */ = {isa = PBXBuildFile; fileRef = OBJ_49 /* Package.swift */; };
/* End PBXBuildFile section */

/* Begin PBXContainerItemProxy section */
		D11E1372228185BF00AF5E93 /* PBXContainerItemProxy */ = {
			isa = PBXContainerItemProxy;
			containerPortal = OBJ_1 /* Project object */;
			proxyType = 1;
			remoteGlobalIDString = "SwiftSyntax::SwiftSyntax";
			remoteInfo = SwiftSyntax;
		};
		D11E1373228185BF00AF5E93 /* PBXContainerItemProxy */ = {
			isa = PBXContainerItemProxy;
			containerPortal = OBJ_1 /* Project object */;
			proxyType = 1;
			remoteGlobalIDString = "Typology::Typology";
			remoteInfo = Typology;
		};
		D11E1374228185BF00AF5E93 /* PBXContainerItemProxy */ = {
			isa = PBXContainerItemProxy;
			containerPortal = OBJ_1 /* Project object */;
			proxyType = 1;
			remoteGlobalIDString = "SwiftSyntax::SwiftSyntax";
			remoteInfo = SwiftSyntax;
		};
		D11E1375228185C000AF5E93 /* PBXContainerItemProxy */ = {
			isa = PBXContainerItemProxy;
			containerPortal = OBJ_1 /* Project object */;
			proxyType = 1;
			remoteGlobalIDString = "Typology::TypologyTests";
			remoteInfo = TypologyTests;
		};
/* End PBXContainerItemProxy section */

/* Begin PBXFileReference section */
		D1055B20229D3B760018F4BF /* TypeError.swift */ = {isa = PBXFileReference; lastKnownFileType = sourcecode.swift; path = TypeError.swift; sourceTree = "<group>"; };
		D1147419229C3C9100CDBEB0 /* Protocol.swift */ = {isa = PBXFileReference; lastKnownFileType = sourcecode.swift; path = Protocol.swift; sourceTree = "<group>"; };
		D12CCC2E22998F0D00491928 /* Benchmarks.swift */ = {isa = PBXFileReference; lastKnownFileType = sourcecode.swift; path = Benchmarks.swift; sourceTree = "<group>"; };
		D12CCC312299933600491928 /* Literal.swift */ = {isa = PBXFileReference; lastKnownFileType = sourcecode.swift; path = Literal.swift; sourceTree = "<group>"; };
		D1A6A65E22A30B6A00F78D9A /* ASTTests.swift */ = {isa = PBXFileReference; lastKnownFileType = sourcecode.swift; path = ASTTests.swift; sourceTree = "<group>"; };
		D1B239E522885CF000746A12 /* Expr.swift */ = {isa = PBXFileReference; lastKnownFileType = sourcecode.swift; path = Expr.swift; sourceTree = "<group>"; };
		D1ECA97A229C7A8D00BB8765 /* Scheme.swift */ = {isa = PBXFileReference; lastKnownFileType = sourcecode.swift; path = Scheme.swift; sourceTree = "<group>"; };
		OBJ_10 /* Inference.swift */ = {isa = PBXFileReference; lastKnownFileType = sourcecode.swift; path = Inference.swift; sourceTree = "<group>"; };
		OBJ_11 /* Solver.swift */ = {isa = PBXFileReference; lastKnownFileType = sourcecode.swift; path = Solver.swift; sourceTree = "<group>"; };
		OBJ_12 /* Substitution.swift */ = {isa = PBXFileReference; lastKnownFileType = sourcecode.swift; path = Substitution.swift; sourceTree = "<group>"; };
		OBJ_13 /* Type.swift */ = {isa = PBXFileReference; lastKnownFileType = sourcecode.swift; path = Type.swift; sourceTree = "<group>"; };
		OBJ_14 /* SwiftSyntax.swift */ = {isa = PBXFileReference; lastKnownFileType = sourcecode.swift; path = SwiftSyntax.swift; sourceTree = "<group>"; };
		OBJ_17 /* InferenceTests.swift */ = {isa = PBXFileReference; lastKnownFileType = sourcecode.swift; path = InferenceTests.swift; sourceTree = "<group>"; };
		OBJ_21 /* AbsolutePosition.swift */ = {isa = PBXFileReference; lastKnownFileType = sourcecode.swift; path = AbsolutePosition.swift; sourceTree = "<group>"; };
		OBJ_22 /* ByteTreeDeserialization.swift */ = {isa = PBXFileReference; lastKnownFileType = sourcecode.swift; path = ByteTreeDeserialization.swift; sourceTree = "<group>"; };
		OBJ_23 /* Diagnostic.swift */ = {isa = PBXFileReference; lastKnownFileType = sourcecode.swift; path = Diagnostic.swift; sourceTree = "<group>"; };
		OBJ_24 /* DiagnosticConsumer.swift */ = {isa = PBXFileReference; lastKnownFileType = sourcecode.swift; path = DiagnosticConsumer.swift; sourceTree = "<group>"; };
		OBJ_25 /* DiagnosticEngine.swift */ = {isa = PBXFileReference; lastKnownFileType = sourcecode.swift; path = DiagnosticEngine.swift; sourceTree = "<group>"; };
		OBJ_26 /* JSONDiagnosticConsumer.swift */ = {isa = PBXFileReference; lastKnownFileType = sourcecode.swift; path = JSONDiagnosticConsumer.swift; sourceTree = "<group>"; };
		OBJ_27 /* LazyNonThreadSafeCache.swift */ = {isa = PBXFileReference; lastKnownFileType = sourcecode.swift; path = LazyNonThreadSafeCache.swift; sourceTree = "<group>"; };
		OBJ_28 /* PrintingDiagnosticConsumer.swift */ = {isa = PBXFileReference; lastKnownFileType = sourcecode.swift; path = PrintingDiagnosticConsumer.swift; sourceTree = "<group>"; };
		OBJ_29 /* RawSyntax.swift */ = {isa = PBXFileReference; lastKnownFileType = sourcecode.swift; path = RawSyntax.swift; sourceTree = "<group>"; };
		OBJ_30 /* SourceLength.swift */ = {isa = PBXFileReference; lastKnownFileType = sourcecode.swift; path = SourceLength.swift; sourceTree = "<group>"; };
		OBJ_31 /* SourcePresence.swift */ = {isa = PBXFileReference; lastKnownFileType = sourcecode.swift; path = SourcePresence.swift; sourceTree = "<group>"; };
		OBJ_32 /* SwiftSyntax.swift */ = {isa = PBXFileReference; lastKnownFileType = sourcecode.swift; path = SwiftSyntax.swift; sourceTree = "<group>"; };
		OBJ_33 /* SwiftcInvocation.swift */ = {isa = PBXFileReference; lastKnownFileType = sourcecode.swift; path = SwiftcInvocation.swift; sourceTree = "<group>"; };
		OBJ_34 /* Syntax.swift */ = {isa = PBXFileReference; lastKnownFileType = sourcecode.swift; path = Syntax.swift; sourceTree = "<group>"; };
		OBJ_35 /* SyntaxChildren.swift */ = {isa = PBXFileReference; lastKnownFileType = sourcecode.swift; path = SyntaxChildren.swift; sourceTree = "<group>"; };
		OBJ_36 /* SyntaxData.swift */ = {isa = PBXFileReference; lastKnownFileType = sourcecode.swift; path = SyntaxData.swift; sourceTree = "<group>"; };
		OBJ_37 /* WeakLookupTable.swift */ = {isa = PBXFileReference; lastKnownFileType = sourcecode.swift; path = WeakLookupTable.swift; sourceTree = "<group>"; };
		OBJ_39 /* SyntaxBuilders.swift */ = {isa = PBXFileReference; lastKnownFileType = sourcecode.swift; path = SyntaxBuilders.swift; sourceTree = "<group>"; };
		OBJ_40 /* SyntaxClassifier.swift */ = {isa = PBXFileReference; lastKnownFileType = sourcecode.swift; path = SyntaxClassifier.swift; sourceTree = "<group>"; };
		OBJ_41 /* SyntaxCollections.swift */ = {isa = PBXFileReference; lastKnownFileType = sourcecode.swift; path = SyntaxCollections.swift; sourceTree = "<group>"; };
		OBJ_42 /* SyntaxFactory.swift */ = {isa = PBXFileReference; lastKnownFileType = sourcecode.swift; path = SyntaxFactory.swift; sourceTree = "<group>"; };
		OBJ_43 /* SyntaxKind.swift */ = {isa = PBXFileReference; lastKnownFileType = sourcecode.swift; path = SyntaxKind.swift; sourceTree = "<group>"; };
		OBJ_44 /* SyntaxNodes.swift */ = {isa = PBXFileReference; lastKnownFileType = sourcecode.swift; path = SyntaxNodes.swift; sourceTree = "<group>"; };
		OBJ_45 /* SyntaxRewriter.swift */ = {isa = PBXFileReference; lastKnownFileType = sourcecode.swift; path = SyntaxRewriter.swift; sourceTree = "<group>"; };
		OBJ_46 /* TokenKind.swift */ = {isa = PBXFileReference; lastKnownFileType = sourcecode.swift; path = TokenKind.swift; sourceTree = "<group>"; };
		OBJ_47 /* Trivia.swift */ = {isa = PBXFileReference; lastKnownFileType = sourcecode.swift; path = Trivia.swift; sourceTree = "<group>"; };
		OBJ_49 /* Package.swift */ = {isa = PBXFileReference; explicitFileType = sourcecode.swift; name = Package.swift; path = "/Users/maxd/Documents/Typology/.build/checkouts/swift-syntax.git-8734449718529945203/Package.swift"; sourceTree = "<group>"; };
		OBJ_55 /* LICENSE.md */ = {isa = PBXFileReference; lastKnownFileType = net.daringfireball.markdown; path = LICENSE.md; sourceTree = "<group>"; };
		OBJ_56 /* Typology.podspec */ = {isa = PBXFileReference; lastKnownFileType = text; path = Typology.podspec; sourceTree = "<group>"; };
		OBJ_57 /* README.md */ = {isa = PBXFileReference; lastKnownFileType = net.daringfireball.markdown; path = README.md; sourceTree = "<group>"; };
		OBJ_6 /* Package.swift */ = {isa = PBXFileReference; explicitFileType = sourcecode.swift; path = Package.swift; sourceTree = "<group>"; };
		OBJ_9 /* AST.swift */ = {isa = PBXFileReference; lastKnownFileType = sourcecode.swift; path = AST.swift; sourceTree = "<group>"; };
		"SwiftSyntax::SwiftSyntax::Product" /* SwiftSyntax.framework */ = {isa = PBXFileReference; lastKnownFileType = wrapper.framework; path = SwiftSyntax.framework; sourceTree = BUILT_PRODUCTS_DIR; };
		"Typology::Typology::Product" /* Typology.framework */ = {isa = PBXFileReference; lastKnownFileType = wrapper.framework; path = Typology.framework; sourceTree = BUILT_PRODUCTS_DIR; };
		"Typology::TypologyTests::Product" /* TypologyTests.xctest */ = {isa = PBXFileReference; lastKnownFileType = file; path = TypologyTests.xctest; sourceTree = BUILT_PRODUCTS_DIR; };
/* End PBXFileReference section */

/* Begin PBXFrameworksBuildPhase section */
		OBJ_107 /* Frameworks */ = {
			isa = PBXFrameworksBuildPhase;
			buildActionMask = 0;
			files = (
				OBJ_108 /* SwiftSyntax.framework in Frameworks */,
			);
			runOnlyForDeploymentPostprocessing = 0;
		};
		OBJ_127 /* Frameworks */ = {
			isa = PBXFrameworksBuildPhase;
			buildActionMask = 0;
			files = (
				OBJ_128 /* Typology.framework in Frameworks */,
				OBJ_129 /* SwiftSyntax.framework in Frameworks */,
			);
			runOnlyForDeploymentPostprocessing = 0;
		};
		OBJ_89 /* Frameworks */ = {
			isa = PBXFrameworksBuildPhase;
			buildActionMask = 0;
			files = (
			);
			runOnlyForDeploymentPostprocessing = 0;
		};
/* End PBXFrameworksBuildPhase section */

/* Begin PBXGroup section */
		D12CCC332299934500491928 /* AST */ = {
			isa = PBXGroup;
			children = (
				OBJ_9 /* AST.swift */,
				D1B239E522885CF000746A12 /* Expr.swift */,
				D12CCC312299933600491928 /* Literal.swift */,
				OBJ_14 /* SwiftSyntax.swift */,
			);
			path = AST;
			sourceTree = "<group>";
		};
		OBJ_15 /* Tests */ = {
			isa = PBXGroup;
			children = (
				OBJ_16 /* TypologyTests */,
			);
			name = Tests;
			sourceTree = SOURCE_ROOT;
		};
		OBJ_16 /* TypologyTests */ = {
			isa = PBXGroup;
			children = (
				OBJ_17 /* InferenceTests.swift */,
				D12CCC2E22998F0D00491928 /* Benchmarks.swift */,
				D1A6A65E22A30B6A00F78D9A /* ASTTests.swift */,
			);
			name = TypologyTests;
			path = Tests/TypologyTests;
			sourceTree = SOURCE_ROOT;
		};
		OBJ_18 /* Dependencies */ = {
			isa = PBXGroup;
			children = (
				OBJ_19 /* SwiftSyntax 0.50000.0 */,
			);
			name = Dependencies;
			sourceTree = "<group>";
		};
		OBJ_19 /* SwiftSyntax 0.50000.0 */ = {
			isa = PBXGroup;
			children = (
				OBJ_20 /* SwiftSyntax */,
				OBJ_48 /* lit-test-helper */,
				OBJ_49 /* Package.swift */,
			);
			name = "SwiftSyntax 0.50000.0";
			sourceTree = SOURCE_ROOT;
		};
		OBJ_20 /* SwiftSyntax */ = {
			isa = PBXGroup;
			children = (
				OBJ_21 /* AbsolutePosition.swift */,
				OBJ_22 /* ByteTreeDeserialization.swift */,
				OBJ_23 /* Diagnostic.swift */,
				OBJ_24 /* DiagnosticConsumer.swift */,
				OBJ_25 /* DiagnosticEngine.swift */,
				OBJ_26 /* JSONDiagnosticConsumer.swift */,
				OBJ_27 /* LazyNonThreadSafeCache.swift */,
				OBJ_28 /* PrintingDiagnosticConsumer.swift */,
				OBJ_29 /* RawSyntax.swift */,
				OBJ_30 /* SourceLength.swift */,
				OBJ_31 /* SourcePresence.swift */,
				OBJ_32 /* SwiftSyntax.swift */,
				OBJ_33 /* SwiftcInvocation.swift */,
				OBJ_34 /* Syntax.swift */,
				OBJ_35 /* SyntaxChildren.swift */,
				OBJ_36 /* SyntaxData.swift */,
				OBJ_37 /* WeakLookupTable.swift */,
				OBJ_38 /* gyb_generated */,
			);
			name = SwiftSyntax;
			path = ".build/checkouts/swift-syntax.git-8734449718529945203/Sources/SwiftSyntax";
			sourceTree = SOURCE_ROOT;
		};
		OBJ_38 /* gyb_generated */ = {
			isa = PBXGroup;
			children = (
				OBJ_39 /* SyntaxBuilders.swift */,
				OBJ_40 /* SyntaxClassifier.swift */,
				OBJ_41 /* SyntaxCollections.swift */,
				OBJ_42 /* SyntaxFactory.swift */,
				OBJ_43 /* SyntaxKind.swift */,
				OBJ_44 /* SyntaxNodes.swift */,
				OBJ_45 /* SyntaxRewriter.swift */,
				OBJ_46 /* TokenKind.swift */,
				OBJ_47 /* Trivia.swift */,
			);
			path = gyb_generated;
			sourceTree = "<group>";
		};
		OBJ_48 /* lit-test-helper */ = {
			isa = PBXGroup;
			children = (
			);
			name = "lit-test-helper";
			path = ".build/checkouts/swift-syntax.git-8734449718529945203/Sources/lit-test-helper";
			sourceTree = SOURCE_ROOT;
		};
		OBJ_5 = {
			isa = PBXGroup;
			children = (
				OBJ_6 /* Package.swift */,
				OBJ_7 /* Sources */,
				OBJ_15 /* Tests */,
				OBJ_18 /* Dependencies */,
				OBJ_50 /* Products */,
				OBJ_55 /* LICENSE.md */,
				OBJ_56 /* Typology.podspec */,
				OBJ_57 /* README.md */,
			);
			indentWidth = 2;
			sourceTree = "<group>";
			tabWidth = 2;
		};
		OBJ_50 /* Products */ = {
			isa = PBXGroup;
			children = (
				"Typology::TypologyTests::Product" /* TypologyTests.xctest */,
				"SwiftSyntax::SwiftSyntax::Product" /* SwiftSyntax.framework */,
				"Typology::Typology::Product" /* Typology.framework */,
			);
			name = Products;
			sourceTree = BUILT_PRODUCTS_DIR;
		};
		OBJ_7 /* Sources */ = {
			isa = PBXGroup;
			children = (
				OBJ_8 /* Typology */,
			);
			name = Sources;
			sourceTree = SOURCE_ROOT;
		};
		OBJ_8 /* Typology */ = {
			isa = PBXGroup;
			children = (
				OBJ_10 /* Inference.swift */,
				D1147419229C3C9100CDBEB0 /* Protocol.swift */,
				D1ECA97A229C7A8D00BB8765 /* Scheme.swift */,
				OBJ_11 /* Solver.swift */,
				OBJ_12 /* Substitution.swift */,
				OBJ_13 /* Type.swift */,
				D1055B20229D3B760018F4BF /* TypeError.swift */,
				D12CCC332299934500491928 /* AST */,
			);
			name = Typology;
			path = Sources/Typology;
			sourceTree = SOURCE_ROOT;
		};
/* End PBXGroup section */

/* Begin PBXNativeTarget section */
		"SwiftSyntax::SwiftPMPackageDescription" /* SwiftSyntaxPackageDescription */ = {
			isa = PBXNativeTarget;
			buildConfigurationList = OBJ_91 /* Build configuration list for PBXNativeTarget "SwiftSyntaxPackageDescription" */;
			buildPhases = (
				OBJ_94 /* Sources */,
			);
			buildRules = (
			);
			dependencies = (
			);
			name = SwiftSyntaxPackageDescription;
			productName = SwiftSyntaxPackageDescription;
			productType = "com.apple.product-type.framework";
		};
		"SwiftSyntax::SwiftSyntax" /* SwiftSyntax */ = {
			isa = PBXNativeTarget;
			buildConfigurationList = OBJ_59 /* Build configuration list for PBXNativeTarget "SwiftSyntax" */;
			buildPhases = (
				OBJ_62 /* Sources */,
				OBJ_89 /* Frameworks */,
			);
			buildRules = (
			);
			dependencies = (
			);
			name = SwiftSyntax;
			productName = SwiftSyntax;
			productReference = "SwiftSyntax::SwiftSyntax::Product" /* SwiftSyntax.framework */;
			productType = "com.apple.product-type.framework";
		};
		"Typology::SwiftPMPackageDescription" /* TypologyPackageDescription */ = {
			isa = PBXNativeTarget;
			buildConfigurationList = OBJ_111 /* Build configuration list for PBXNativeTarget "TypologyPackageDescription" */;
			buildPhases = (
				OBJ_114 /* Sources */,
			);
			buildRules = (
			);
			dependencies = (
			);
			name = TypologyPackageDescription;
			productName = TypologyPackageDescription;
			productType = "com.apple.product-type.framework";
		};
		"Typology::Typology" /* Typology */ = {
			isa = PBXNativeTarget;
			buildConfigurationList = OBJ_97 /* Build configuration list for PBXNativeTarget "Typology" */;
			buildPhases = (
				OBJ_100 /* Sources */,
				OBJ_107 /* Frameworks */,
			);
			buildRules = (
			);
			dependencies = (
				OBJ_109 /* PBXTargetDependency */,
			);
			name = Typology;
			productName = Typology;
			productReference = "Typology::Typology::Product" /* Typology.framework */;
			productType = "com.apple.product-type.framework";
		};
		"Typology::TypologyTests" /* TypologyTests */ = {
			isa = PBXNativeTarget;
			buildConfigurationList = OBJ_122 /* Build configuration list for PBXNativeTarget "TypologyTests" */;
			buildPhases = (
				OBJ_125 /* Sources */,
				OBJ_127 /* Frameworks */,
			);
			buildRules = (
			);
			dependencies = (
				OBJ_130 /* PBXTargetDependency */,
				OBJ_131 /* PBXTargetDependency */,
			);
			name = TypologyTests;
			productName = TypologyTests;
			productReference = "Typology::TypologyTests::Product" /* TypologyTests.xctest */;
			productType = "com.apple.product-type.bundle.unit-test";
		};
/* End PBXNativeTarget section */

/* Begin PBXProject section */
		OBJ_1 /* Project object */ = {
			isa = PBXProject;
			attributes = {
				LastSwiftMigration = 9999;
				LastUpgradeCheck = 9999;
			};
			buildConfigurationList = OBJ_2 /* Build configuration list for PBXProject "Typology" */;
			compatibilityVersion = "Xcode 3.2";
			developmentRegion = English;
			hasScannedForEncodings = 0;
			knownRegions = (
				English,
				en,
			);
			mainGroup = OBJ_5;
			productRefGroup = OBJ_50 /* Products */;
			projectDirPath = "";
			projectRoot = "";
			targets = (
				"SwiftSyntax::SwiftSyntax" /* SwiftSyntax */,
				"SwiftSyntax::SwiftPMPackageDescription" /* SwiftSyntaxPackageDescription */,
				"Typology::Typology" /* Typology */,
				"Typology::SwiftPMPackageDescription" /* TypologyPackageDescription */,
				"Typology::TypologyPackageTests::ProductTarget" /* TypologyPackageTests */,
				"Typology::TypologyTests" /* TypologyTests */,
			);
		};
/* End PBXProject section */

/* Begin PBXSourcesBuildPhase section */
		OBJ_100 /* Sources */ = {
			isa = PBXSourcesBuildPhase;
			buildActionMask = 0;
			files = (
				OBJ_101 /* AST.swift in Sources */,
				D1055B21229D3B760018F4BF /* TypeError.swift in Sources */,
				OBJ_102 /* Inference.swift in Sources */,
				OBJ_103 /* Solver.swift in Sources */,
				D1B239E622885CF000746A12 /* Expr.swift in Sources */,
				D1ECA97B229C7A8D00BB8765 /* Scheme.swift in Sources */,
				OBJ_104 /* Substitution.swift in Sources */,
				D12CCC322299933600491928 /* Literal.swift in Sources */,
				OBJ_105 /* Type.swift in Sources */,
				OBJ_106 /* SwiftSyntax.swift in Sources */,
				D114741A229C3C9100CDBEB0 /* Protocol.swift in Sources */,
			);
			runOnlyForDeploymentPostprocessing = 0;
		};
		OBJ_114 /* Sources */ = {
			isa = PBXSourcesBuildPhase;
			buildActionMask = 0;
			files = (
				OBJ_115 /* Package.swift in Sources */,
			);
			runOnlyForDeploymentPostprocessing = 0;
		};
		OBJ_125 /* Sources */ = {
			isa = PBXSourcesBuildPhase;
			buildActionMask = 0;
			files = (
				D1A6A65F22A30B6A00F78D9A /* ASTTests.swift in Sources */,
				OBJ_126 /* InferenceTests.swift in Sources */,
				D12CCC3022998FC700491928 /* Benchmarks.swift in Sources */,
			);
			runOnlyForDeploymentPostprocessing = 0;
		};
		OBJ_62 /* Sources */ = {
			isa = PBXSourcesBuildPhase;
			buildActionMask = 0;
			files = (
				OBJ_63 /* AbsolutePosition.swift in Sources */,
				OBJ_64 /* ByteTreeDeserialization.swift in Sources */,
				OBJ_65 /* Diagnostic.swift in Sources */,
				OBJ_66 /* DiagnosticConsumer.swift in Sources */,
				OBJ_67 /* DiagnosticEngine.swift in Sources */,
				OBJ_68 /* JSONDiagnosticConsumer.swift in Sources */,
				OBJ_69 /* LazyNonThreadSafeCache.swift in Sources */,
				OBJ_70 /* PrintingDiagnosticConsumer.swift in Sources */,
				OBJ_71 /* RawSyntax.swift in Sources */,
				OBJ_72 /* SourceLength.swift in Sources */,
				OBJ_73 /* SourcePresence.swift in Sources */,
				OBJ_74 /* SwiftSyntax.swift in Sources */,
				OBJ_75 /* SwiftcInvocation.swift in Sources */,
				OBJ_76 /* Syntax.swift in Sources */,
				OBJ_77 /* SyntaxChildren.swift in Sources */,
				OBJ_78 /* SyntaxData.swift in Sources */,
				OBJ_79 /* WeakLookupTable.swift in Sources */,
				OBJ_80 /* SyntaxBuilders.swift in Sources */,
				OBJ_81 /* SyntaxClassifier.swift in Sources */,
				OBJ_82 /* SyntaxCollections.swift in Sources */,
				OBJ_83 /* SyntaxFactory.swift in Sources */,
				OBJ_84 /* SyntaxKind.swift in Sources */,
				OBJ_85 /* SyntaxNodes.swift in Sources */,
				OBJ_86 /* SyntaxRewriter.swift in Sources */,
				OBJ_87 /* TokenKind.swift in Sources */,
				OBJ_88 /* Trivia.swift in Sources */,
			);
			runOnlyForDeploymentPostprocessing = 0;
		};
		OBJ_94 /* Sources */ = {
			isa = PBXSourcesBuildPhase;
			buildActionMask = 0;
			files = (
				OBJ_95 /* Package.swift in Sources */,
			);
			runOnlyForDeploymentPostprocessing = 0;
		};
/* End PBXSourcesBuildPhase section */

/* Begin PBXTargetDependency section */
		OBJ_109 /* PBXTargetDependency */ = {
			isa = PBXTargetDependency;
			target = "SwiftSyntax::SwiftSyntax" /* SwiftSyntax */;
			targetProxy = D11E1372228185BF00AF5E93 /* PBXContainerItemProxy */;
		};
		OBJ_120 /* PBXTargetDependency */ = {
			isa = PBXTargetDependency;
			target = "Typology::TypologyTests" /* TypologyTests */;
			targetProxy = D11E1375228185C000AF5E93 /* PBXContainerItemProxy */;
		};
		OBJ_130 /* PBXTargetDependency */ = {
			isa = PBXTargetDependency;
			target = "Typology::Typology" /* Typology */;
			targetProxy = D11E1373228185BF00AF5E93 /* PBXContainerItemProxy */;
		};
		OBJ_131 /* PBXTargetDependency */ = {
			isa = PBXTargetDependency;
			target = "SwiftSyntax::SwiftSyntax" /* SwiftSyntax */;
			targetProxy = D11E1374228185BF00AF5E93 /* PBXContainerItemProxy */;
		};
/* End PBXTargetDependency section */

/* Begin XCBuildConfiguration section */
		OBJ_112 /* Debug */ = {
			isa = XCBuildConfiguration;
			buildSettings = {
				LD = /usr/bin/true;
				OTHER_SWIFT_FLAGS = "-swift-version 4 -I $(TOOLCHAIN_DIR)/usr/lib/swift/pm/4 -target x86_64-apple-macosx10.10 -sdk /Applications/Xcode.app/Contents/Developer/Platforms/MacOSX.platform/Developer/SDKs/MacOSX10.14.sdk";
				SWIFT_VERSION = 4.0;
			};
			name = Debug;
		};
		OBJ_113 /* Release */ = {
			isa = XCBuildConfiguration;
			buildSettings = {
				LD = /usr/bin/true;
				OTHER_SWIFT_FLAGS = "-swift-version 4 -I $(TOOLCHAIN_DIR)/usr/lib/swift/pm/4 -target x86_64-apple-macosx10.10 -sdk /Applications/Xcode.app/Contents/Developer/Platforms/MacOSX.platform/Developer/SDKs/MacOSX10.14.sdk";
				SWIFT_VERSION = 4.0;
			};
			name = Release;
		};
		OBJ_118 /* Debug */ = {
			isa = XCBuildConfiguration;
			buildSettings = {
			};
			name = Debug;
		};
		OBJ_119 /* Release */ = {
			isa = XCBuildConfiguration;
			buildSettings = {
			};
			name = Release;
		};
		OBJ_123 /* Debug */ = {
			isa = XCBuildConfiguration;
			buildSettings = {
				CLANG_ENABLE_MODULES = YES;
				EMBEDDED_CONTENT_CONTAINS_SWIFT = YES;
				FRAMEWORK_SEARCH_PATHS = (
					"$(inherited)",
					"$(PLATFORM_DIR)/Developer/Library/Frameworks",
				);
				HEADER_SEARCH_PATHS = "$(inherited)";
				INFOPLIST_FILE = Typology.xcodeproj/TypologyTests_Info.plist;
				LD_RUNPATH_SEARCH_PATHS = "$(inherited) @loader_path/../Frameworks @loader_path/Frameworks";
				OTHER_CFLAGS = "$(inherited)";
				OTHER_LDFLAGS = "$(inherited)";
				OTHER_SWIFT_FLAGS = "$(inherited)";
				SWIFT_ACTIVE_COMPILATION_CONDITIONS = "$(inherited)";
				SWIFT_VERSION = 4.0;
				TARGET_NAME = TypologyTests;
			};
			name = Debug;
		};
		OBJ_124 /* Release */ = {
			isa = XCBuildConfiguration;
			buildSettings = {
				CLANG_ENABLE_MODULES = YES;
				EMBEDDED_CONTENT_CONTAINS_SWIFT = YES;
				FRAMEWORK_SEARCH_PATHS = (
					"$(inherited)",
					"$(PLATFORM_DIR)/Developer/Library/Frameworks",
				);
				HEADER_SEARCH_PATHS = "$(inherited)";
				INFOPLIST_FILE = Typology.xcodeproj/TypologyTests_Info.plist;
				LD_RUNPATH_SEARCH_PATHS = "$(inherited) @loader_path/../Frameworks @loader_path/Frameworks";
				OTHER_CFLAGS = "$(inherited)";
				OTHER_LDFLAGS = "$(inherited)";
				OTHER_SWIFT_FLAGS = "$(inherited)";
				SWIFT_ACTIVE_COMPILATION_CONDITIONS = "$(inherited)";
				SWIFT_VERSION = 4.0;
				TARGET_NAME = TypologyTests;
			};
			name = Release;
		};
		OBJ_3 /* Debug */ = {
			isa = XCBuildConfiguration;
			buildSettings = {
				CLANG_ENABLE_OBJC_ARC = YES;
				COMBINE_HIDPI_IMAGES = YES;
				COPY_PHASE_STRIP = NO;
				DEBUG_INFORMATION_FORMAT = dwarf;
				DYLIB_INSTALL_NAME_BASE = "@rpath";
				ENABLE_NS_ASSERTIONS = YES;
				GCC_OPTIMIZATION_LEVEL = 0;
				GCC_PREPROCESSOR_DEFINITIONS = (
					"$(inherited)",
					"SWIFT_PACKAGE=1",
					"DEBUG=1",
				);
				MACOSX_DEPLOYMENT_TARGET = 10.10;
				ONLY_ACTIVE_ARCH = YES;
				OTHER_SWIFT_FLAGS = "-DXcode";
				PRODUCT_NAME = "$(TARGET_NAME)";
				SDKROOT = macosx;
				SUPPORTED_PLATFORMS = "macosx iphoneos iphonesimulator appletvos appletvsimulator watchos watchsimulator";
				SWIFT_ACTIVE_COMPILATION_CONDITIONS = "$(inherited) SWIFT_PACKAGE DEBUG";
				SWIFT_OPTIMIZATION_LEVEL = "-Onone";
				USE_HEADERMAP = NO;
			};
			name = Debug;
		};
		OBJ_4 /* Release */ = {
			isa = XCBuildConfiguration;
			buildSettings = {
				CLANG_ENABLE_OBJC_ARC = YES;
				COMBINE_HIDPI_IMAGES = YES;
				COPY_PHASE_STRIP = YES;
				DEBUG_INFORMATION_FORMAT = "dwarf-with-dsym";
				DYLIB_INSTALL_NAME_BASE = "@rpath";
				GCC_OPTIMIZATION_LEVEL = s;
				GCC_PREPROCESSOR_DEFINITIONS = (
					"$(inherited)",
					"SWIFT_PACKAGE=1",
				);
				MACOSX_DEPLOYMENT_TARGET = 10.10;
				OTHER_SWIFT_FLAGS = "-DXcode";
				PRODUCT_NAME = "$(TARGET_NAME)";
				SDKROOT = macosx;
				SUPPORTED_PLATFORMS = "macosx iphoneos iphonesimulator appletvos appletvsimulator watchos watchsimulator";
				SWIFT_ACTIVE_COMPILATION_CONDITIONS = "$(inherited) SWIFT_PACKAGE";
				SWIFT_OPTIMIZATION_LEVEL = "-Owholemodule";
				USE_HEADERMAP = NO;
			};
			name = Release;
		};
		OBJ_60 /* Debug */ = {
			isa = XCBuildConfiguration;
			buildSettings = {
				ENABLE_TESTABILITY = YES;
				FRAMEWORK_SEARCH_PATHS = (
					"$(inherited)",
					"$(PLATFORM_DIR)/Developer/Library/Frameworks",
				);
				HEADER_SEARCH_PATHS = "$(inherited)";
				INFOPLIST_FILE = Typology.xcodeproj/SwiftSyntax_Info.plist;
				LD_RUNPATH_SEARCH_PATHS = "$(inherited) $(TOOLCHAIN_DIR)/usr/lib/swift/macosx";
				OTHER_CFLAGS = "$(inherited)";
				OTHER_LDFLAGS = "$(inherited)";
				OTHER_SWIFT_FLAGS = "$(inherited)";
				PRODUCT_BUNDLE_IDENTIFIER = SwiftSyntax;
				PRODUCT_MODULE_NAME = "$(TARGET_NAME:c99extidentifier)";
				PRODUCT_NAME = "$(TARGET_NAME:c99extidentifier)";
				SKIP_INSTALL = YES;
				SWIFT_ACTIVE_COMPILATION_CONDITIONS = "$(inherited)";
				SWIFT_VERSION = 4.2;
				TARGET_NAME = SwiftSyntax;
			};
			name = Debug;
		};
		OBJ_61 /* Release */ = {
			isa = XCBuildConfiguration;
			buildSettings = {
				ENABLE_TESTABILITY = YES;
				FRAMEWORK_SEARCH_PATHS = (
					"$(inherited)",
					"$(PLATFORM_DIR)/Developer/Library/Frameworks",
				);
				HEADER_SEARCH_PATHS = "$(inherited)";
				INFOPLIST_FILE = Typology.xcodeproj/SwiftSyntax_Info.plist;
				LD_RUNPATH_SEARCH_PATHS = "$(inherited) $(TOOLCHAIN_DIR)/usr/lib/swift/macosx";
				OTHER_CFLAGS = "$(inherited)";
				OTHER_LDFLAGS = "$(inherited)";
				OTHER_SWIFT_FLAGS = "$(inherited)";
				PRODUCT_BUNDLE_IDENTIFIER = SwiftSyntax;
				PRODUCT_MODULE_NAME = "$(TARGET_NAME:c99extidentifier)";
				PRODUCT_NAME = "$(TARGET_NAME:c99extidentifier)";
				SKIP_INSTALL = YES;
				SWIFT_ACTIVE_COMPILATION_CONDITIONS = "$(inherited)";
				SWIFT_VERSION = 4.2;
				TARGET_NAME = SwiftSyntax;
			};
			name = Release;
		};
		OBJ_92 /* Debug */ = {
			isa = XCBuildConfiguration;
			buildSettings = {
				LD = /usr/bin/true;
				OTHER_SWIFT_FLAGS = "-swift-version 4.2 -I $(TOOLCHAIN_DIR)/usr/lib/swift/pm/4_2 -target x86_64-apple-macosx10.10 -sdk /Applications/Xcode.app/Contents/Developer/Platforms/MacOSX.platform/Developer/SDKs/MacOSX10.14.sdk";
				SWIFT_VERSION = 4.2;
			};
			name = Debug;
		};
		OBJ_93 /* Release */ = {
			isa = XCBuildConfiguration;
			buildSettings = {
				LD = /usr/bin/true;
				OTHER_SWIFT_FLAGS = "-swift-version 4.2 -I $(TOOLCHAIN_DIR)/usr/lib/swift/pm/4_2 -target x86_64-apple-macosx10.10 -sdk /Applications/Xcode.app/Contents/Developer/Platforms/MacOSX.platform/Developer/SDKs/MacOSX10.14.sdk";
				SWIFT_VERSION = 4.2;
			};
			name = Release;
		};
		OBJ_98 /* Debug */ = {
			isa = XCBuildConfiguration;
			buildSettings = {
				ENABLE_TESTABILITY = YES;
				FRAMEWORK_SEARCH_PATHS = (
					"$(inherited)",
					"$(PLATFORM_DIR)/Developer/Library/Frameworks",
				);
				HEADER_SEARCH_PATHS = "$(inherited)";
				INFOPLIST_FILE = Typology.xcodeproj/Typology_Info.plist;
				LD_RUNPATH_SEARCH_PATHS = "$(inherited) $(TOOLCHAIN_DIR)/usr/lib/swift/macosx";
				OTHER_CFLAGS = "$(inherited)";
				OTHER_LDFLAGS = "$(inherited)";
				OTHER_SWIFT_FLAGS = "$(inherited)";
				PRODUCT_BUNDLE_IDENTIFIER = Typology;
				PRODUCT_MODULE_NAME = "$(TARGET_NAME:c99extidentifier)";
				PRODUCT_NAME = "$(TARGET_NAME:c99extidentifier)";
				SKIP_INSTALL = YES;
				SWIFT_ACTIVE_COMPILATION_CONDITIONS = "$(inherited)";
				SWIFT_VERSION = 4.0;
				TARGET_NAME = Typology;
			};
			name = Debug;
		};
		OBJ_99 /* Release */ = {
			isa = XCBuildConfiguration;
			buildSettings = {
				ENABLE_TESTABILITY = YES;
				FRAMEWORK_SEARCH_PATHS = (
					"$(inherited)",
					"$(PLATFORM_DIR)/Developer/Library/Frameworks",
				);
				HEADER_SEARCH_PATHS = "$(inherited)";
				INFOPLIST_FILE = Typology.xcodeproj/Typology_Info.plist;
				LD_RUNPATH_SEARCH_PATHS = "$(inherited) $(TOOLCHAIN_DIR)/usr/lib/swift/macosx";
				OTHER_CFLAGS = "$(inherited)";
				OTHER_LDFLAGS = "$(inherited)";
				OTHER_SWIFT_FLAGS = "$(inherited)";
				PRODUCT_BUNDLE_IDENTIFIER = Typology;
				PRODUCT_MODULE_NAME = "$(TARGET_NAME:c99extidentifier)";
				PRODUCT_NAME = "$(TARGET_NAME:c99extidentifier)";
				SKIP_INSTALL = YES;
				SWIFT_ACTIVE_COMPILATION_CONDITIONS = "$(inherited)";
				SWIFT_VERSION = 4.0;
				TARGET_NAME = Typology;
			};
			name = Release;
		};
/* End XCBuildConfiguration section */

/* Begin XCConfigurationList section */
		OBJ_111 /* Build configuration list for PBXNativeTarget "TypologyPackageDescription" */ = {
			isa = XCConfigurationList;
			buildConfigurations = (
				OBJ_112 /* Debug */,
				OBJ_113 /* Release */,
			);
			defaultConfigurationIsVisible = 0;
			defaultConfigurationName = Release;
		};
		OBJ_117 /* Build configuration list for PBXAggregateTarget "TypologyPackageTests" */ = {
			isa = XCConfigurationList;
			buildConfigurations = (
				OBJ_118 /* Debug */,
				OBJ_119 /* Release */,
			);
			defaultConfigurationIsVisible = 0;
			defaultConfigurationName = Release;
		};
		OBJ_122 /* Build configuration list for PBXNativeTarget "TypologyTests" */ = {
			isa = XCConfigurationList;
			buildConfigurations = (
				OBJ_123 /* Debug */,
				OBJ_124 /* Release */,
			);
			defaultConfigurationIsVisible = 0;
			defaultConfigurationName = Release;
		};
		OBJ_2 /* Build configuration list for PBXProject "Typology" */ = {
			isa = XCConfigurationList;
			buildConfigurations = (
				OBJ_3 /* Debug */,
				OBJ_4 /* Release */,
			);
			defaultConfigurationIsVisible = 0;
			defaultConfigurationName = Release;
		};
		OBJ_59 /* Build configuration list for PBXNativeTarget "SwiftSyntax" */ = {
			isa = XCConfigurationList;
			buildConfigurations = (
				OBJ_60 /* Debug */,
				OBJ_61 /* Release */,
			);
			defaultConfigurationIsVisible = 0;
			defaultConfigurationName = Release;
		};
		OBJ_91 /* Build configuration list for PBXNativeTarget "SwiftSyntaxPackageDescription" */ = {
			isa = XCConfigurationList;
			buildConfigurations = (
				OBJ_92 /* Debug */,
				OBJ_93 /* Release */,
			);
			defaultConfigurationIsVisible = 0;
			defaultConfigurationName = Release;
		};
		OBJ_97 /* Build configuration list for PBXNativeTarget "Typology" */ = {
			isa = XCConfigurationList;
			buildConfigurations = (
				OBJ_98 /* Debug */,
				OBJ_99 /* Release */,
			);
			defaultConfigurationIsVisible = 0;
			defaultConfigurationName = Release;
		};
/* End XCConfigurationList section */
	};
	rootObject = OBJ_1 /* Project object */;
}
